
Microsoft Visual Studio Solution File, Format Version 12.00
# Visual Studio Version 16
VisualStudioVersion = 16.0.31410.357
MinimumVisualStudioVersion = 10.0.40219.1
Project("{FAE04EC0-301F-11D3-BF4B-00C04F79EFBC}") = "WebAppPoNote", "WebAppPoNote\WebAppPoNote.csproj", "{37068399-31D3-4B52-A665-ADF62DACFE05}"
EndProject
Global
	GlobalSection(SolutionConfigurationPlatforms) = preSolution
		Debug|Any CPU = Debug|Any CPU
		Release|Any CPU = Release|Any CPU
	EndGlobalSection
	GlobalSection(ProjectConfigurationPlatforms) = postSolution
		{37068399-31D3-4B52-A665-ADF62DACFE05}.Debug|Any CPU.ActiveCfg = Debug|Any CPU
		{37068399-31D3-4B52-A665-ADF62DACFE05}.Debug|Any CPU.Build.0 = Debug|Any CPU
		{37068399-31D3-4B52-A665-ADF62DACFE05}.Release|Any CPU.ActiveCfg = Release|Any CPU
		{37068399-31D3-4B52-A665-ADF62DACFE05}.Release|Any CPU.Build.0 = Release|Any CPU
	EndGlobalSection
	GlobalSection(SolutionProperties) = preSolution
		HideSolutionNode = FALSE
	EndGlobalSection
	GlobalSection(ExtensibilityGlobals) = postSolution
		SolutionGuid = {009366A2-A5F1-48C8-9937-5788AE603E1F}
	EndGlobalSection
EndGlobal
